
Microsoft Visual Studio Solution File, Format Version 12.00
# Visual Studio Version 16
VisualStudioVersion = 16.0.31829.152
MinimumVisualStudioVersion = 10.0.40219.1
Project("{9A19103F-16F7-4668-BE54-9A1E7A4F7556}") = "StigScriptGenerator", "apps\StigScriptGenerator\StigScriptGenerator.csproj", "{055EF432-2BE1-48D0-AEB7-425FC6EFEFE6}"
EndProject
Project("{2150E333-8FDC-42A3-9474-1A3956D46DE8}") = "Apps", "Apps", "{63BB8C72-993D-4D50-B160-D077AB6BC9E1}"
EndProject
Project("{2150E333-8FDC-42A3-9474-1A3956D46DE8}") = "Libraries", "Libraries", "{4530F1FE-9759-44EB-A1E8-B9E24998F390}"
EndProject
Project("{9A19103F-16F7-4668-BE54-9A1E7A4F7556}") = "ESC2.Library.Data", "libraries\ESC2.Library.Data\ESC2.Library.Data.csproj", "{2F9D10D4-3FD6-45CE-A204-854BF1181B6F}"
EndProject
Project("{9A19103F-16F7-4668-BE54-9A1E7A4F7556}") = "ESC2.Library.Stig", "libraries\ESC2.Library.Stig\ESC2.Library.Stig.csproj", "{1FE676E8-761E-4A55-939E-AB67220DECB8}"
EndProject
Project("{9A19103F-16F7-4668-BE54-9A1E7A4F7556}") = "ESC2.Library.Etl", "libraries\ESC2.Library.Etl\ESC2.Library.Etl.csproj", "{9C3EE484-90A4-4707-9C1C-F53670EBCC87}"
EndProject
Project("{2150E333-8FDC-42A3-9474-1A3956D46DE8}") = "Modules", "Modules", "{2164CCDE-8F41-41DB-ABB2-DBEC7A2F77CE}"
EndProject
Project("{2150E333-8FDC-42A3-9474-1A3956D46DE8}") = "System", "System", "{6B1B87FB-FDD2-4890-88BE-26D02854446D}"
EndProject
Project("{2150E333-8FDC-42A3-9474-1A3956D46DE8}") = "Warehouse", "Warehouse", "{72F34D4C-3A52-4D31-B603-BD7D31CA7E21}"
EndProject
Project("{2150E333-8FDC-42A3-9474-1A3956D46DE8}") = "Syslog", "Syslog", "{6A31511E-AC77-40F6-92EA-176DB14C941C}"
EndProject
Project("{9A19103F-16F7-4668-BE54-9A1E7A4F7556}") = "ESC2.Module.SysLog.Data", "modules\Syslog\ESC2.Module.SysLog.Data\ESC2.Module.SysLog.Data.csproj", "{DE0A3250-EAF3-4072-A4E7-FE8B7BA34912}"
EndProject
Project("{9A19103F-16F7-4668-BE54-9A1E7A4F7556}") = "ESC2.Module.System.Data.Scripts", "modules\System\ESC2.Module.System.Data.Scripts\ESC2.Module.System.Data.Scripts.csproj", "{20B96878-E46C-4138-B215-5E478B50CCA9}"
EndProject
Project("{9A19103F-16F7-4668-BE54-9A1E7A4F7556}") = "ESC2.Module.Warehouse.Data", "modules\Warehouse\ESC2.Module.Warehouse.Data\ESC2.Module.Warehouse.Data.csproj", "{8754F35A-DE00-4C7C-98CC-464036F6758F}"
EndProject
Project("{FAE04EC0-301F-11D3-BF4B-00C04F79EFBC}") = "ESC2.Module.System.Data", "modules\System\ESC2.Module.System.Data\ESC2.Module.System.Data.csproj", "{E10B3601-F762-499E-8B80-6CBE9B17C345}"
EndProject
Project("{FAE04EC0-301F-11D3-BF4B-00C04F79EFBC}") = "ESC2.Apps.StigLoader", "apps\ESC2.Apps.StigLoader\ESC2.Apps.StigLoader.csproj", "{6A1C4CF7-1842-40E7-AE7C-6461BD80547F}"
EndProject
Project("{FAE04EC0-301F-11D3-BF4B-00C04F79EFBC}") = "ESC2.Library.Data.SqlServer", "libraries\ESC2.Library.Data.SqlServer\ESC2.Library.Data.SqlServer.csproj", "{F93A46A0-4717-4778-8A7A-08CE9160F5AF}"
EndProject
Project("{FAE04EC0-301F-11D3-BF4B-00C04F79EFBC}") = "ESC2.Apps.Warehouse.Setup", "apps\ESC2.Apps.Warehouse.Setup\ESC2.Apps.Warehouse.Setup.csproj", "{BB903513-2C1B-4548-8377-C5927586EBE5}"
EndProject
Global
	GlobalSection(SolutionConfigurationPlatforms) = preSolution
		Debug|Any CPU = Debug|Any CPU
		Release|Any CPU = Release|Any CPU
	EndGlobalSection
	GlobalSection(ProjectConfigurationPlatforms) = postSolution
		{055EF432-2BE1-48D0-AEB7-425FC6EFEFE6}.Debug|Any CPU.ActiveCfg = Debug|Any CPU
		{055EF432-2BE1-48D0-AEB7-425FC6EFEFE6}.Debug|Any CPU.Build.0 = Debug|Any CPU
		{055EF432-2BE1-48D0-AEB7-425FC6EFEFE6}.Release|Any CPU.ActiveCfg = Release|Any CPU
		{055EF432-2BE1-48D0-AEB7-425FC6EFEFE6}.Release|Any CPU.Build.0 = Release|Any CPU
		{2F9D10D4-3FD6-45CE-A204-854BF1181B6F}.Debug|Any CPU.ActiveCfg = Debug|Any CPU
		{2F9D10D4-3FD6-45CE-A204-854BF1181B6F}.Debug|Any CPU.Build.0 = Debug|Any CPU
		{2F9D10D4-3FD6-45CE-A204-854BF1181B6F}.Release|Any CPU.ActiveCfg = Release|Any CPU
		{2F9D10D4-3FD6-45CE-A204-854BF1181B6F}.Release|Any CPU.Build.0 = Release|Any CPU
		{1FE676E8-761E-4A55-939E-AB67220DECB8}.Debug|Any CPU.ActiveCfg = Debug|Any CPU
		{1FE676E8-761E-4A55-939E-AB67220DECB8}.Debug|Any CPU.Build.0 = Debug|Any CPU
		{1FE676E8-761E-4A55-939E-AB67220DECB8}.Release|Any CPU.ActiveCfg = Release|Any CPU
		{1FE676E8-761E-4A55-939E-AB67220DECB8}.Release|Any CPU.Build.0 = Release|Any CPU
		{9C3EE484-90A4-4707-9C1C-F53670EBCC87}.Debug|Any CPU.ActiveCfg = Debug|Any CPU
		{9C3EE484-90A4-4707-9C1C-F53670EBCC87}.Debug|Any CPU.Build.0 = Debug|Any CPU
		{9C3EE484-90A4-4707-9C1C-F53670EBCC87}.Release|Any CPU.ActiveCfg = Release|Any CPU
		{9C3EE484-90A4-4707-9C1C-F53670EBCC87}.Release|Any CPU.Build.0 = Release|Any CPU
		{DE0A3250-EAF3-4072-A4E7-FE8B7BA34912}.Debug|Any CPU.ActiveCfg = Debug|Any CPU
		{DE0A3250-EAF3-4072-A4E7-FE8B7BA34912}.Debug|Any CPU.Build.0 = Debug|Any CPU
		{DE0A3250-EAF3-4072-A4E7-FE8B7BA34912}.Release|Any CPU.ActiveCfg = Release|Any CPU
		{DE0A3250-EAF3-4072-A4E7-FE8B7BA34912}.Release|Any CPU.Build.0 = Release|Any CPU
		{20B96878-E46C-4138-B215-5E478B50CCA9}.Debug|Any CPU.ActiveCfg = Debug|Any CPU
		{20B96878-E46C-4138-B215-5E478B50CCA9}.Debug|Any CPU.Build.0 = Debug|Any CPU
		{20B96878-E46C-4138-B215-5E478B50CCA9}.Release|Any CPU.ActiveCfg = Release|Any CPU
		{20B96878-E46C-4138-B215-5E478B50CCA9}.Release|Any CPU.Build.0 = Release|Any CPU
		{8754F35A-DE00-4C7C-98CC-464036F6758F}.Debug|Any CPU.ActiveCfg = Debug|Any CPU
		{8754F35A-DE00-4C7C-98CC-464036F6758F}.Debug|Any CPU.Build.0 = Debug|Any CPU
		{8754F35A-DE00-4C7C-98CC-464036F6758F}.Release|Any CPU.ActiveCfg = Release|Any CPU
		{8754F35A-DE00-4C7C-98CC-464036F6758F}.Release|Any CPU.Build.0 = Release|Any CPU
		{E10B3601-F762-499E-8B80-6CBE9B17C345}.Debug|Any CPU.ActiveCfg = Debug|Any CPU
		{E10B3601-F762-499E-8B80-6CBE9B17C345}.Debug|Any CPU.Build.0 = Debug|Any CPU
		{E10B3601-F762-499E-8B80-6CBE9B17C345}.Release|Any CPU.ActiveCfg = Release|Any CPU
		{E10B3601-F762-499E-8B80-6CBE9B17C345}.Release|Any CPU.Build.0 = Release|Any CPU
		{6A1C4CF7-1842-40E7-AE7C-6461BD80547F}.Debug|Any CPU.ActiveCfg = Debug|Any CPU
		{6A1C4CF7-1842-40E7-AE7C-6461BD80547F}.Debug|Any CPU.Build.0 = Debug|Any CPU
		{6A1C4CF7-1842-40E7-AE7C-6461BD80547F}.Release|Any CPU.ActiveCfg = Release|Any CPU
		{6A1C4CF7-1842-40E7-AE7C-6461BD80547F}.Release|Any CPU.Build.0 = Release|Any CPU
		{F93A46A0-4717-4778-8A7A-08CE9160F5AF}.Debug|Any CPU.ActiveCfg = Debug|Any CPU
		{F93A46A0-4717-4778-8A7A-08CE9160F5AF}.Debug|Any CPU.Build.0 = Debug|Any CPU
		{F93A46A0-4717-4778-8A7A-08CE9160F5AF}.Release|Any CPU.ActiveCfg = Release|Any CPU
		{F93A46A0-4717-4778-8A7A-08CE9160F5AF}.Release|Any CPU.Build.0 = Release|Any CPU
		{BB903513-2C1B-4548-8377-C5927586EBE5}.Debug|Any CPU.ActiveCfg = Debug|Any CPU
		{BB903513-2C1B-4548-8377-C5927586EBE5}.Debug|Any CPU.Build.0 = Debug|Any CPU
		{BB903513-2C1B-4548-8377-C5927586EBE5}.Release|Any CPU.ActiveCfg = Release|Any CPU
		{BB903513-2C1B-4548-8377-C5927586EBE5}.Release|Any CPU.Build.0 = Release|Any CPU
	EndGlobalSection
	GlobalSection(SolutionProperties) = preSolution
		HideSolutionNode = FALSE
	EndGlobalSection
	GlobalSection(NestedProjects) = preSolution
		{055EF432-2BE1-48D0-AEB7-425FC6EFEFE6} = {63BB8C72-993D-4D50-B160-D077AB6BC9E1}
		{2F9D10D4-3FD6-45CE-A204-854BF1181B6F} = {4530F1FE-9759-44EB-A1E8-B9E24998F390}
		{1FE676E8-761E-4A55-939E-AB67220DECB8} = {4530F1FE-9759-44EB-A1E8-B9E24998F390}
		{9C3EE484-90A4-4707-9C1C-F53670EBCC87} = {4530F1FE-9759-44EB-A1E8-B9E24998F390}
		{6B1B87FB-FDD2-4890-88BE-26D02854446D} = {2164CCDE-8F41-41DB-ABB2-DBEC7A2F77CE}
		{72F34D4C-3A52-4D31-B603-BD7D31CA7E21} = {2164CCDE-8F41-41DB-ABB2-DBEC7A2F77CE}
		{6A31511E-AC77-40F6-92EA-176DB14C941C} = {2164CCDE-8F41-41DB-ABB2-DBEC7A2F77CE}
		{DE0A3250-EAF3-4072-A4E7-FE8B7BA34912} = {6A31511E-AC77-40F6-92EA-176DB14C941C}
		{20B96878-E46C-4138-B215-5E478B50CCA9} = {6B1B87FB-FDD2-4890-88BE-26D02854446D}
		{8754F35A-DE00-4C7C-98CC-464036F6758F} = {72F34D4C-3A52-4D31-B603-BD7D31CA7E21}
		{E10B3601-F762-499E-8B80-6CBE9B17C345} = {6B1B87FB-FDD2-4890-88BE-26D02854446D}
		{6A1C4CF7-1842-40E7-AE7C-6461BD80547F} = {63BB8C72-993D-4D50-B160-D077AB6BC9E1}
		{F93A46A0-4717-4778-8A7A-08CE9160F5AF} = {4530F1FE-9759-44EB-A1E8-B9E24998F390}
		{BB903513-2C1B-4548-8377-C5927586EBE5} = {63BB8C72-993D-4D50-B160-D077AB6BC9E1}
	EndGlobalSection
	GlobalSection(ExtensibilityGlobals) = postSolution
		SolutionGuid = {C35DB5AE-74C3-42E3-B52A-5C89FADD2C1F}
	EndGlobalSection
EndGlobal
